
Microsoft Visual Studio Solution File, Format Version 12.00
# Visual Studio Version 16
VisualStudioVersion = 16.0.32630.194
MinimumVisualStudioVersion = 10.0.40219.1
Project("{FAE04EC0-301F-11D3-BF4B-00C04F79EFBC}") = "Captcha_MVC", "Captcha_MVC\Captcha_MVC.csproj", "{BDB2444B-0579-4161-BCFD-16363408217B}"
EndProject
Global
	GlobalSection(SolutionConfigurationPlatforms) = preSolution
		Debug|Any CPU = Debug|Any CPU
		Release|Any CPU = Release|Any CPU
	EndGlobalSection
	GlobalSection(ProjectConfigurationPlatforms) = postSolution
		{BDB2444B-0579-4161-BCFD-16363408217B}.Debug|Any CPU.ActiveCfg = Debug|Any CPU
		{BDB2444B-0579-4161-BCFD-16363408217B}.Debug|Any CPU.Build.0 = Debug|Any CPU
		{BDB2444B-0579-4161-BCFD-16363408217B}.Release|Any CPU.ActiveCfg = Release|Any CPU
		{BDB2444B-0579-4161-BCFD-16363408217B}.Release|Any CPU.Build.0 = Release|Any CPU
	EndGlobalSection
	GlobalSection(SolutionProperties) = preSolution
		HideSolutionNode = FALSE
	EndGlobalSection
	GlobalSection(ExtensibilityGlobals) = postSolution
		SolutionGuid = {82E030A0-7FC9-4024-8EBA-D4499B78252B}
	EndGlobalSection
EndGlobal
